// !$*UTF8*$!
{
	archiveVersion = 1;
	classes = {
	};
	objectVersion = 55;
	objects = {

/* Begin PBXBuildFile section */
		23F7722C274579E7006A879B /* Tests_iOS.swift in Sources */ = {isa = PBXBuildFile; fileRef = 23F7722B274579E7006A879B /* Tests_iOS.swift */; };
		23F7722E274579E7006A879B /* Tests_iOSLaunchTests.swift in Sources */ = {isa = PBXBuildFile; fileRef = 23F7722D274579E7006A879B /* Tests_iOSLaunchTests.swift */; };
		23F77238274579E7006A879B /* Tests_macOS.swift in Sources */ = {isa = PBXBuildFile; fileRef = 23F77237274579E7006A879B /* Tests_macOS.swift */; };
		23F7723A274579E7006A879B /* Tests_macOSLaunchTests.swift in Sources */ = {isa = PBXBuildFile; fileRef = 23F77239274579E7006A879B /* Tests_macOSLaunchTests.swift */; };
		23F7723B274579E7006A879B /* RestlyApp.swift in Sources */ = {isa = PBXBuildFile; fileRef = 23F77213274579E5006A879B /* RestlyApp.swift */; };
		23F7723C274579E7006A879B /* RestlyApp.swift in Sources */ = {isa = PBXBuildFile; fileRef = 23F77213274579E5006A879B /* RestlyApp.swift */; };
		23F7723D274579E7006A879B /* ContentView.swift in Sources */ = {isa = PBXBuildFile; fileRef = 23F77214274579E5006A879B /* ContentView.swift */; };
		23F7723E274579E7006A879B /* ContentView.swift in Sources */ = {isa = PBXBuildFile; fileRef = 23F77214274579E5006A879B /* ContentView.swift */; };
		23F7723F274579E7006A879B /* Assets.xcassets in Resources */ = {isa = PBXBuildFile; fileRef = 23F77215274579E6006A879B /* Assets.xcassets */; };
		23F77240274579E7006A879B /* Assets.xcassets in Resources */ = {isa = PBXBuildFile; fileRef = 23F77215274579E6006A879B /* Assets.xcassets */; };
/* End PBXBuildFile section */

/* Begin PBXContainerItemProxy section */
		23F77228274579E7006A879B /* PBXContainerItemProxy */ = {
			isa = PBXContainerItemProxy;
			containerPortal = 23F7720E274579E5006A879B /* Project object */;
			proxyType = 1;
			remoteGlobalIDString = 23F77219274579E7006A879B;
			remoteInfo = "Restly (iOS)";
		};
		23F77234274579E7006A879B /* PBXContainerItemProxy */ = {
			isa = PBXContainerItemProxy;
			containerPortal = 23F7720E274579E5006A879B /* Project object */;
			proxyType = 1;
			remoteGlobalIDString = 23F7721F274579E7006A879B;
			remoteInfo = "Restly (macOS)";
		};
/* End PBXContainerItemProxy section */

/* Begin PBXFileReference section */
		23F77213274579E5006A879B /* RestlyApp.swift */ = {isa = PBXFileReference; lastKnownFileType = sourcecode.swift; path = RestlyApp.swift; sourceTree = "<group>"; };
		23F77214274579E5006A879B /* ContentView.swift */ = {isa = PBXFileReference; lastKnownFileType = sourcecode.swift; path = ContentView.swift; sourceTree = "<group>"; };
		23F77215274579E6006A879B /* Assets.xcassets */ = {isa = PBXFileReference; lastKnownFileType = folder.assetcatalog; path = Assets.xcassets; sourceTree = "<group>"; };
		23F7721A274579E7006A879B /* Restly.app */ = {isa = PBXFileReference; explicitFileType = wrapper.application; includeInIndex = 0; path = Restly.app; sourceTree = BUILT_PRODUCTS_DIR; };
		23F77220274579E7006A879B /* Restly.app */ = {isa = PBXFileReference; explicitFileType = wrapper.application; includeInIndex = 0; path = Restly.app; sourceTree = BUILT_PRODUCTS_DIR; };
		23F77222274579E7006A879B /* macOS.entitlements */ = {isa = PBXFileReference; lastKnownFileType = text.plist.entitlements; path = macOS.entitlements; sourceTree = "<group>"; };
		23F77227274579E7006A879B /* Tests iOS.xctest */ = {isa = PBXFileReference; explicitFileType = wrapper.cfbundle; includeInIndex = 0; path = "Tests iOS.xctest"; sourceTree = BUILT_PRODUCTS_DIR; };
		23F7722B274579E7006A879B /* Tests_iOS.swift */ = {isa = PBXFileReference; lastKnownFileType = sourcecode.swift; path = Tests_iOS.swift; sourceTree = "<group>"; };
		23F7722D274579E7006A879B /* Tests_iOSLaunchTests.swift */ = {isa = PBXFileReference; lastKnownFileType = sourcecode.swift; path = Tests_iOSLaunchTests.swift; sourceTree = "<group>"; };
		23F77233274579E7006A879B /* Tests macOS.xctest */ = {isa = PBXFileReference; explicitFileType = wrapper.cfbundle; includeInIndex = 0; path = "Tests macOS.xctest"; sourceTree = BUILT_PRODUCTS_DIR; };
		23F77237274579E7006A879B /* Tests_macOS.swift */ = {isa = PBXFileReference; lastKnownFileType = sourcecode.swift; path = Tests_macOS.swift; sourceTree = "<group>"; };
		23F77239274579E7006A879B /* Tests_macOSLaunchTests.swift */ = {isa = PBXFileReference; lastKnownFileType = sourcecode.swift; path = Tests_macOSLaunchTests.swift; sourceTree = "<group>"; };
/* End PBXFileReference section */

/* Begin PBXFrameworksBuildPhase section */
		23F77217274579E7006A879B /* Frameworks */ = {
			isa = PBXFrameworksBuildPhase;
			buildActionMask = 2147483647;
			files = (
			);
			runOnlyForDeploymentPostprocessing = 0;
		};
		23F7721D274579E7006A879B /* Frameworks */ = {
			isa = PBXFrameworksBuildPhase;
			buildActionMask = 2147483647;
			files = (
			);
			runOnlyForDeploymentPostprocessing = 0;
		};
		23F77224274579E7006A879B /* Frameworks */ = {
			isa = PBXFrameworksBuildPhase;
			buildActionMask = 2147483647;
			files = (
			);
			runOnlyForDeploymentPostprocessing = 0;
		};
		23F77230274579E7006A879B /* Frameworks */ = {
			isa = PBXFrameworksBuildPhase;
			buildActionMask = 2147483647;
			files = (
			);
			runOnlyForDeploymentPostprocessing = 0;
		};
/* End PBXFrameworksBuildPhase section */

/* Begin PBXGroup section */
		23F7720D274579E5006A879B = {
			isa = PBXGroup;
			children = (
				23F77212274579E5006A879B /* Shared */,
				23F77221274579E7006A879B /* macOS */,
				23F7722A274579E7006A879B /* Tests iOS */,
				23F77236274579E7006A879B /* Tests macOS */,
				23F7721B274579E7006A879B /* Products */,
			);
			sourceTree = "<group>";
		};
		23F77212274579E5006A879B /* Shared */ = {
			isa = PBXGroup;
			children = (
				23F77213274579E5006A879B /* RestlyApp.swift */,
				23F77214274579E5006A879B /* ContentView.swift */,
				23F77215274579E6006A879B /* Assets.xcassets */,
			);
			path = Shared;
			sourceTree = "<group>";
		};
		23F7721B274579E7006A879B /* Products */ = {
			isa = PBXGroup;
			children = (
				23F7721A274579E7006A879B /* Restly.app */,
				23F77220274579E7006A879B /* Restly.app */,
				23F77227274579E7006A879B /* Tests iOS.xctest */,
				23F77233274579E7006A879B /* Tests macOS.xctest */,
			);
			name = Products;
			sourceTree = "<group>";
		};
		23F77221274579E7006A879B /* macOS */ = {
			isa = PBXGroup;
			children = (
				23F77222274579E7006A879B /* macOS.entitlements */,
			);
			path = macOS;
			sourceTree = "<group>";
		};
		23F7722A274579E7006A879B /* Tests iOS */ = {
			isa = PBXGroup;
			children = (
				23F7722B274579E7006A879B /* Tests_iOS.swift */,
				23F7722D274579E7006A879B /* Tests_iOSLaunchTests.swift */,
			);
			path = "Tests iOS";
			sourceTree = "<group>";
		};
		23F77236274579E7006A879B /* Tests macOS */ = {
			isa = PBXGroup;
			children = (
				23F77237274579E7006A879B /* Tests_macOS.swift */,
				23F77239274579E7006A879B /* Tests_macOSLaunchTests.swift */,
			);
			path = "Tests macOS";
			sourceTree = "<group>";
		};
/* End PBXGroup section */

/* Begin PBXNativeTarget section */
		23F77219274579E7006A879B /* Restly (iOS) */ = {
			isa = PBXNativeTarget;
			buildConfigurationList = 23F77243274579E7006A879B /* Build configuration list for PBXNativeTarget "Restly (iOS)" */;
			buildPhases = (
				23F77216274579E7006A879B /* Sources */,
				23F77217274579E7006A879B /* Frameworks */,
				23F77218274579E7006A879B /* Resources */,
			);
			buildRules = (
			);
			dependencies = (
			);
			name = "Restly (iOS)";
			productName = "Restly (iOS)";
			productReference = 23F7721A274579E7006A879B /* Restly.app */;
			productType = "com.apple.product-type.application";
		};
		23F7721F274579E7006A879B /* Restly (macOS) */ = {
			isa = PBXNativeTarget;
			buildConfigurationList = 23F77246274579E7006A879B /* Build configuration list for PBXNativeTarget "Restly (macOS)" */;
			buildPhases = (
				23F7721C274579E7006A879B /* Sources */,
				23F7721D274579E7006A879B /* Frameworks */,
				23F7721E274579E7006A879B /* Resources */,
			);
			buildRules = (
			);
			dependencies = (
			);
			name = "Restly (macOS)";
			productName = "Restly (macOS)";
			productReference = 23F77220274579E7006A879B /* Restly.app */;
			productType = "com.apple.product-type.application";
		};
		23F77226274579E7006A879B /* Tests iOS */ = {
			isa = PBXNativeTarget;
			buildConfigurationList = 23F77249274579E7006A879B /* Build configuration list for PBXNativeTarget "Tests iOS" */;
			buildPhases = (
				23F77223274579E7006A879B /* Sources */,
				23F77224274579E7006A879B /* Frameworks */,
				23F77225274579E7006A879B /* Resources */,
			);
			buildRules = (
			);
			dependencies = (
				23F77229274579E7006A879B /* PBXTargetDependency */,
			);
			name = "Tests iOS";
			productName = "Tests iOS";
			productReference = 23F77227274579E7006A879B /* Tests iOS.xctest */;
			productType = "com.apple.product-type.bundle.ui-testing";
		};
		23F77232274579E7006A879B /* Tests macOS */ = {
			isa = PBXNativeTarget;
			buildConfigurationList = 23F7724C274579E7006A879B /* Build configuration list for PBXNativeTarget "Tests macOS" */;
			buildPhases = (
				23F7722F274579E7006A879B /* Sources */,
				23F77230274579E7006A879B /* Frameworks */,
				23F77231274579E7006A879B /* Resources */,
			);
			buildRules = (
			);
			dependencies = (
				23F77235274579E7006A879B /* PBXTargetDependency */,
			);
			name = "Tests macOS";
			productName = "Tests macOS";
			productReference = 23F77233274579E7006A879B /* Tests macOS.xctest */;
			productType = "com.apple.product-type.bundle.ui-testing";
		};
/* End PBXNativeTarget section */

/* Begin PBXProject section */
		23F7720E274579E5006A879B /* Project object */ = {
			isa = PBXProject;
			attributes = {
				BuildIndependentTargetsInParallel = 1;
				LastSwiftUpdateCheck = 1310;
				LastUpgradeCheck = 1310;
				TargetAttributes = {
					23F77219274579E7006A879B = {
						CreatedOnToolsVersion = 13.1;
					};
					23F7721F274579E7006A879B = {
						CreatedOnToolsVersion = 13.1;
					};
					23F77226274579E7006A879B = {
						CreatedOnToolsVersion = 13.1;
						TestTargetID = 23F77219274579E7006A879B;
					};
					23F77232274579E7006A879B = {
						CreatedOnToolsVersion = 13.1;
						TestTargetID = 23F7721F274579E7006A879B;
					};
				};
			};
			buildConfigurationList = 23F77211274579E5006A879B /* Build configuration list for PBXProject "Restly" */;
			compatibilityVersion = "Xcode 13.0";
			developmentRegion = en;
			hasScannedForEncodings = 0;
			knownRegions = (
				en,
				Base,
			);
			mainGroup = 23F7720D274579E5006A879B;
			productRefGroup = 23F7721B274579E7006A879B /* Products */;
			projectDirPath = "";
			projectRoot = "";
			targets = (
				23F77219274579E7006A879B /* Restly (iOS) */,
				23F7721F274579E7006A879B /* Restly (macOS) */,
				23F77226274579E7006A879B /* Tests iOS */,
				23F77232274579E7006A879B /* Tests macOS */,
			);
		};
/* End PBXProject section */

/* Begin PBXResourcesBuildPhase section */
		23F77218274579E7006A879B /* Resources */ = {
			isa = PBXResourcesBuildPhase;
			buildActionMask = 2147483647;
			files = (
				23F7723F274579E7006A879B /* Assets.xcassets in Resources */,
			);
			runOnlyForDeploymentPostprocessing = 0;
		};
		23F7721E274579E7006A879B /* Resources */ = {
			isa = PBXResourcesBuildPhase;
			buildActionMask = 2147483647;
			files = (
				23F77240274579E7006A879B /* Assets.xcassets in Resources */,
			);
			runOnlyForDeploymentPostprocessing = 0;
		};
		23F77225274579E7006A879B /* Resources */ = {
			isa = PBXResourcesBuildPhase;
			buildActionMask = 2147483647;
			files = (
			);
			runOnlyForDeploymentPostprocessing = 0;
		};
		23F77231274579E7006A879B /* Resources */ = {
			isa = PBXResourcesBuildPhase;
			buildActionMask = 2147483647;
			files = (
			);
			runOnlyForDeploymentPostprocessing = 0;
		};
/* End PBXResourcesBuildPhase section */

/* Begin PBXSourcesBuildPhase section */
		23F77216274579E7006A879B /* Sources */ = {
			isa = PBXSourcesBuildPhase;
			buildActionMask = 2147483647;
			files = (
				23F7723D274579E7006A879B /* ContentView.swift in Sources */,
				23F7723B274579E7006A879B /* RestlyApp.swift in Sources */,
			);
			runOnlyForDeploymentPostprocessing = 0;
		};
		23F7721C274579E7006A879B /* Sources */ = {
			isa = PBXSourcesBuildPhase;
			buildActionMask = 2147483647;
			files = (
				23F7723E274579E7006A879B /* ContentView.swift in Sources */,
				23F7723C274579E7006A879B /* RestlyApp.swift in Sources */,
			);
			runOnlyForDeploymentPostprocessing = 0;
		};
		23F77223274579E7006A879B /* Sources */ = {
			isa = PBXSourcesBuildPhase;
			buildActionMask = 2147483647;
			files = (
				23F7722E274579E7006A879B /* Tests_iOSLaunchTests.swift in Sources */,
				23F7722C274579E7006A879B /* Tests_iOS.swift in Sources */,
			);
			runOnlyForDeploymentPostprocessing = 0;
		};
		23F7722F274579E7006A879B /* Sources */ = {
			isa = PBXSourcesBuildPhase;
			buildActionMask = 2147483647;
			files = (
				23F7723A274579E7006A879B /* Tests_macOSLaunchTests.swift in Sources */,
				23F77238274579E7006A879B /* Tests_macOS.swift in Sources */,
			);
			runOnlyForDeploymentPostprocessing = 0;
		};
/* End PBXSourcesBuildPhase section */

/* Begin PBXTargetDependency section */
		23F77229274579E7006A879B /* PBXTargetDependency */ = {
			isa = PBXTargetDependency;
			target = 23F77219274579E7006A879B /* Restly (iOS) */;
			targetProxy = 23F77228274579E7006A879B /* PBXContainerItemProxy */;
		};
		23F77235274579E7006A879B /* PBXTargetDependency */ = {
			isa = PBXTargetDependency;
			target = 23F7721F274579E7006A879B /* Restly (macOS) */;
			targetProxy = 23F77234274579E7006A879B /* PBXContainerItemProxy */;
		};
/* End PBXTargetDependency section */

/* Begin XCBuildConfiguration section */
		23F77241274579E7006A879B /* Debug */ = {
			isa = XCBuildConfiguration;
			buildSettings = {
				ALWAYS_SEARCH_USER_PATHS = NO;
				CLANG_ANALYZER_NONNULL = YES;
				CLANG_ANALYZER_NUMBER_OBJECT_CONVERSION = YES_AGGRESSIVE;
				CLANG_CXX_LANGUAGE_STANDARD = "gnu++17";
				CLANG_CXX_LIBRARY = "libc++";
				CLANG_ENABLE_MODULES = YES;
				CLANG_ENABLE_OBJC_ARC = YES;
				CLANG_ENABLE_OBJC_WEAK = YES;
				CLANG_WARN_BLOCK_CAPTURE_AUTORELEASING = YES;
				CLANG_WARN_BOOL_CONVERSION = YES;
				CLANG_WARN_COMMA = YES;
				CLANG_WARN_CONSTANT_CONVERSION = YES;
				CLANG_WARN_DEPRECATED_OBJC_IMPLEMENTATIONS = YES;
				CLANG_WARN_DIRECT_OBJC_ISA_USAGE = YES_ERROR;
				CLANG_WARN_DOCUMENTATION_COMMENTS = YES;
				CLANG_WARN_EMPTY_BODY = YES;
				CLANG_WARN_ENUM_CONVERSION = YES;
				CLANG_WARN_INFINITE_RECURSION = YES;
				CLANG_WARN_INT_CONVERSION = YES;
				CLANG_WARN_NON_LITERAL_NULL_CONVERSION = YES;
				CLANG_WARN_OBJC_IMPLICIT_RETAIN_SELF = YES;
				CLANG_WARN_OBJC_LITERAL_CONVERSION = YES;
				CLANG_WARN_OBJC_ROOT_CLASS = YES_ERROR;
				CLANG_WARN_QUOTED_INCLUDE_IN_FRAMEWORK_HEADER = YES;
				CLANG_WARN_RANGE_LOOP_ANALYSIS = YES;
				CLANG_WARN_STRICT_PROTOTYPES = YES;
				CLANG_WARN_SUSPICIOUS_MOVE = YES;
				CLANG_WARN_UNGUARDED_AVAILABILITY = YES_AGGRESSIVE;
				CLANG_WARN_UNREACHABLE_CODE = YES;
				CLANG_WARN__DUPLICATE_METHOD_MATCH = YES;
				COPY_PHASE_STRIP = NO;
				DEBUG_INFORMATION_FORMAT = dwarf;
				ENABLE_STRICT_OBJC_MSGSEND = YES;
				ENABLE_TESTABILITY = YES;
				GCC_C_LANGUAGE_STANDARD = gnu11;
				GCC_DYNAMIC_NO_PIC = NO;
				GCC_NO_COMMON_BLOCKS = YES;
				GCC_OPTIMIZATION_LEVEL = 0;
				GCC_PREPROCESSOR_DEFINITIONS = (
					"DEBUG=1",
					"$(inherited)",
				);
				GCC_WARN_64_TO_32_BIT_CONVERSION = YES;
				GCC_WARN_ABOUT_RETURN_TYPE = YES_ERROR;
				GCC_WARN_UNDECLARED_SELECTOR = YES;
				GCC_WARN_UNINITIALIZED_AUTOS = YES_AGGRESSIVE;
				GCC_WARN_UNUSED_FUNCTION = YES;
				GCC_WARN_UNUSED_VARIABLE = YES;
				MTL_ENABLE_DEBUG_INFO = INCLUDE_SOURCE;
				MTL_FAST_MATH = YES;
				ONLY_ACTIVE_ARCH = YES;
				SWIFT_ACTIVE_COMPILATION_CONDITIONS = DEBUG;
				SWIFT_OPTIMIZATION_LEVEL = "-Onone";
			};
			name = Debug;
		};
		23F77242274579E7006A879B /* Release */ = {
			isa = XCBuildConfiguration;
			buildSettings = {
				ALWAYS_SEARCH_USER_PATHS = NO;
				CLANG_ANALYZER_NONNULL = YES;
				CLANG_ANALYZER_NUMBER_OBJECT_CONVERSION = YES_AGGRESSIVE;
				CLANG_CXX_LANGUAGE_STANDARD = "gnu++17";
				CLANG_CXX_LIBRARY = "libc++";
				CLANG_ENABLE_MODULES = YES;
				CLANG_ENABLE_OBJC_ARC = YES;
				CLANG_ENABLE_OBJC_WEAK = YES;
				CLANG_WARN_BLOCK_CAPTURE_AUTORELEASING = YES;
				CLANG_WARN_BOOL_CONVERSION = YES;
				CLANG_WARN_COMMA = YES;
				CLANG_WARN_CONSTANT_CONVERSION = YES;
				CLANG_WARN_DEPRECATED_OBJC_IMPLEMENTATIONS = YES;
				CLANG_WARN_DIRECT_OBJC_ISA_USAGE = YES_ERROR;
				CLANG_WARN_DOCUMENTATION_COMMENTS = YES;
				CLANG_WARN_EMPTY_BODY = YES;
				CLANG_WARN_ENUM_CONVERSION = YES;
				CLANG_WARN_INFINITE_RECURSION = YES;
				CLANG_WARN_INT_CONVERSION = YES;
				CLANG_WARN_NON_LITERAL_NULL_CONVERSION = YES;
				CLANG_WARN_OBJC_IMPLICIT_RETAIN_SELF = YES;
				CLANG_WARN_OBJC_LITERAL_CONVERSION = YES;
				CLANG_WARN_OBJC_ROOT_CLASS = YES_ERROR;
				CLANG_WARN_QUOTED_INCLUDE_IN_FRAMEWORK_HEADER = YES;
				CLANG_WARN_RANGE_LOOP_ANALYSIS = YES;
				CLANG_WARN_STRICT_PROTOTYPES = YES;
				CLANG_WARN_SUSPICIOUS_MOVE = YES;
				CLANG_WARN_UNGUARDED_AVAILABILITY = YES_AGGRESSIVE;
				CLANG_WARN_UNREACHABLE_CODE = YES;
				CLANG_WARN__DUPLICATE_METHOD_MATCH = YES;
				COPY_PHASE_STRIP = NO;
				DEBUG_INFORMATION_FORMAT = "dwarf-with-dsym";
				ENABLE_NS_ASSERTIONS = NO;
				ENABLE_STRICT_OBJC_MSGSEND = YES;
				GCC_C_LANGUAGE_STANDARD = gnu11;
				GCC_NO_COMMON_BLOCKS = YES;
				GCC_WARN_64_TO_32_BIT_CONVERSION = YES;
				GCC_WARN_ABOUT_RETURN_TYPE = YES_ERROR;
				GCC_WARN_UNDECLARED_SELECTOR = YES;
				GCC_WARN_UNINITIALIZED_AUTOS = YES_AGGRESSIVE;
				GCC_WARN_UNUSED_FUNCTION = YES;
				GCC_WARN_UNUSED_VARIABLE = YES;
				MTL_ENABLE_DEBUG_INFO = NO;
				MTL_FAST_MATH = YES;
				SWIFT_COMPILATION_MODE = wholemodule;
				SWIFT_OPTIMIZATION_LEVEL = "-O";
			};
			name = Release;
		};
		23F77244274579E7006A879B /* Debug */ = {
			isa = XCBuildConfiguration;
			buildSettings = {
				ASSETCATALOG_COMPILER_APPICON_NAME = AppIcon;
				ASSETCATALOG_COMPILER_GLOBAL_ACCENT_COLOR_NAME = AccentColor;
				CODE_SIGN_STYLE = Automatic;
				CURRENT_PROJECT_VERSION = 1;
				DEVELOPMENT_TEAM = YWLW23LT6G;
				ENABLE_PREVIEWS = YES;
				GENERATE_INFOPLIST_FILE = YES;
				INFOPLIST_KEY_UIApplicationSceneManifest_Generation = YES;
				INFOPLIST_KEY_UIApplicationSupportsIndirectInputEvents = YES;
				INFOPLIST_KEY_UILaunchScreen_Generation = YES;
				INFOPLIST_KEY_UISupportedInterfaceOrientations_iPad = "UIInterfaceOrientationPortrait UIInterfaceOrientationPortraitUpsideDown UIInterfaceOrientationLandscapeLeft UIInterfaceOrientationLandscapeRight";
				INFOPLIST_KEY_UISupportedInterfaceOrientations_iPhone = "UIInterfaceOrientationPortrait UIInterfaceOrientationLandscapeLeft UIInterfaceOrientationLandscapeRight";
				IPHONEOS_DEPLOYMENT_TARGET = 15.0;
				LD_RUNPATH_SEARCH_PATHS = (
					"$(inherited)",
					"@executable_path/Frameworks",
				);
				MARKETING_VERSION = 1.0;
				PRODUCT_BUNDLE_IDENTIFIER = io.brokenhands.Restly;
				PRODUCT_NAME = Restly;
				SDKROOT = iphoneos;
				SWIFT_EMIT_LOC_STRINGS = YES;
				SWIFT_VERSION = 5.0;
				TARGETED_DEVICE_FAMILY = "1,2";
			};
			name = Debug;
		};
		23F77245274579E7006A879B /* Release */ = {
			isa = XCBuildConfiguration;
			buildSettings = {
				ASSETCATALOG_COMPILER_APPICON_NAME = AppIcon;
				ASSETCATALOG_COMPILER_GLOBAL_ACCENT_COLOR_NAME = AccentColor;
				CODE_SIGN_STYLE = Automatic;
				CURRENT_PROJECT_VERSION = 1;
				DEVELOPMENT_TEAM = YWLW23LT6G;
				ENABLE_PREVIEWS = YES;
				GENERATE_INFOPLIST_FILE = YES;
				INFOPLIST_KEY_UIApplicationSceneManifest_Generation = YES;
				INFOPLIST_KEY_UIApplicationSupportsIndirectInputEvents = YES;
				INFOPLIST_KEY_UILaunchScreen_Generation = YES;
				INFOPLIST_KEY_UISupportedInterfaceOrientations_iPad = "UIInterfaceOrientationPortrait UIInterfaceOrientationPortraitUpsideDown UIInterfaceOrientationLandscapeLeft UIInterfaceOrientationLandscapeRight";
				INFOPLIST_KEY_UISupportedInterfaceOrientations_iPhone = "UIInterfaceOrientationPortrait UIInterfaceOrientationLandscapeLeft UIInterfaceOrientationLandscapeRight";
				IPHONEOS_DEPLOYMENT_TARGET = 15.0;
				LD_RUNPATH_SEARCH_PATHS = (
					"$(inherited)",
					"@executable_path/Frameworks",
				);
				MARKETING_VERSION = 1.0;
				PRODUCT_BUNDLE_IDENTIFIER = io.brokenhands.Restly;
				PRODUCT_NAME = Restly;
				SDKROOT = iphoneos;
				SWIFT_EMIT_LOC_STRINGS = YES;
				SWIFT_VERSION = 5.0;
				TARGETED_DEVICE_FAMILY = "1,2";
				VALIDATE_PRODUCT = YES;
			};
			name = Release;
		};
		23F77247274579E7006A879B /* Debug */ = {
			isa = XCBuildConfiguration;
			buildSettings = {
				ASSETCATALOG_COMPILER_APPICON_NAME = AppIcon;
				ASSETCATALOG_COMPILER_GLOBAL_ACCENT_COLOR_NAME = AccentColor;
				CODE_SIGN_ENTITLEMENTS = macOS/macOS.entitlements;
				CODE_SIGN_STYLE = Automatic;
				COMBINE_HIDPI_IMAGES = YES;
				CURRENT_PROJECT_VERSION = 1;
				DEVELOPMENT_TEAM = YWLW23LT6G;
				ENABLE_HARDENED_RUNTIME = YES;
				ENABLE_PREVIEWS = YES;
				GENERATE_INFOPLIST_FILE = YES;
				INFOPLIST_KEY_NSHumanReadableCopyright = "";
				LD_RUNPATH_SEARCH_PATHS = (
					"$(inherited)",
					"@executable_path/../Frameworks",
				);
				MACOSX_DEPLOYMENT_TARGET = 12.0;
				MARKETING_VERSION = 1.0;
				PRODUCT_BUNDLE_IDENTIFIER = io.brokenhands.Restly;
				PRODUCT_NAME = Restly;
				SDKROOT = macosx;
				SWIFT_EMIT_LOC_STRINGS = YES;
				SWIFT_VERSION = 5.0;
			};
			name = Debug;
		};
		23F77248274579E7006A879B /* Release */ = {
			isa = XCBuildConfiguration;
			buildSettings = {
				ASSETCATALOG_COMPILER_APPICON_NAME = AppIcon;
				ASSETCATALOG_COMPILER_GLOBAL_ACCENT_COLOR_NAME = AccentColor;
				CODE_SIGN_ENTITLEMENTS = macOS/macOS.entitlements;
				CODE_SIGN_STYLE = Automatic;
				COMBINE_HIDPI_IMAGES = YES;
				CURRENT_PROJECT_VERSION = 1;
				DEVELOPMENT_TEAM = YWLW23LT6G;
				ENABLE_HARDENED_RUNTIME = YES;
				ENABLE_PREVIEWS = YES;
				GENERATE_INFOPLIST_FILE = YES;
				INFOPLIST_KEY_NSHumanReadableCopyright = "";
				LD_RUNPATH_SEARCH_PATHS = (
					"$(inherited)",
					"@executable_path/../Frameworks",
				);
				MACOSX_DEPLOYMENT_TARGET = 12.0;
				MARKETING_VERSION = 1.0;
				PRODUCT_BUNDLE_IDENTIFIER = io.brokenhands.Restly;
				PRODUCT_NAME = Restly;
				SDKROOT = macosx;
				SWIFT_EMIT_LOC_STRINGS = YES;
				SWIFT_VERSION = 5.0;
			};
			name = Release;
		};
		23F7724A274579E7006A879B /* Debug */ = {
			isa = XCBuildConfiguration;
			buildSettings = {
				ALWAYS_EMBED_SWIFT_STANDARD_LIBRARIES = YES;
				CODE_SIGN_STYLE = Automatic;
				CURRENT_PROJECT_VERSION = 1;
				DEVELOPMENT_TEAM = YWLW23LT6G;
				GENERATE_INFOPLIST_FILE = YES;
				IPHONEOS_DEPLOYMENT_TARGET = 15.0;
				LD_RUNPATH_SEARCH_PATHS = (
					"$(inherited)",
					"@executable_path/Frameworks",
					"@loader_path/Frameworks",
				);
				MARKETING_VERSION = 1.0;
				PRODUCT_BUNDLE_IDENTIFIER = "io.brokenhands.Tests-iOS";
				PRODUCT_NAME = "$(TARGET_NAME)";
				SDKROOT = iphoneos;
				SWIFT_EMIT_LOC_STRINGS = NO;
				SWIFT_VERSION = 5.0;
				TARGETED_DEVICE_FAMILY = "1,2";
				TEST_TARGET_NAME = "Restly (iOS)";
			};
			name = Debug;
		};
		23F7724B274579E7006A879B /* Release */ = {
			isa = XCBuildConfiguration;
			buildSettings = {
				ALWAYS_EMBED_SWIFT_STANDARD_LIBRARIES = YES;
				CODE_SIGN_STYLE = Automatic;
				CURRENT_PROJECT_VERSION = 1;
				DEVELOPMENT_TEAM = YWLW23LT6G;
				GENERATE_INFOPLIST_FILE = YES;
				IPHONEOS_DEPLOYMENT_TARGET = 15.0;
				LD_RUNPATH_SEARCH_PATHS = (
					"$(inherited)",
					"@executable_path/Frameworks",
					"@loader_path/Frameworks",
				);
				MARKETING_VERSION = 1.0;
				PRODUCT_BUNDLE_IDENTIFIER = "io.brokenhands.Tests-iOS";
				PRODUCT_NAME = "$(TARGET_NAME)";
				SDKROOT = iphoneos;
				SWIFT_EMIT_LOC_STRINGS = NO;
				SWIFT_VERSION = 5.0;
				TARGETED_DEVICE_FAMILY = "1,2";
				TEST_TARGET_NAME = "Restly (iOS)";
				VALIDATE_PRODUCT = YES;
			};
			name = Release;
		};
		23F7724D274579E7006A879B /* Debug */ = {
			isa = XCBuildConfiguration;
			buildSettings = {
				ALWAYS_EMBED_SWIFT_STANDARD_LIBRARIES = YES;
				CODE_SIGN_STYLE = Automatic;
				COMBINE_HIDPI_IMAGES = YES;
				CURRENT_PROJECT_VERSION = 1;
				DEVELOPMENT_TEAM = YWLW23LT6G;
				GENERATE_INFOPLIST_FILE = YES;
				LD_RUNPATH_SEARCH_PATHS = (
					"$(inherited)",
					"@executable_path/../Frameworks",
					"@loader_path/../Frameworks",
				);
				MACOSX_DEPLOYMENT_TARGET = 12.0;
				MARKETING_VERSION = 1.0;
				PRODUCT_BUNDLE_IDENTIFIER = "io.brokenhands.Tests-macOS";
				PRODUCT_NAME = "$(TARGET_NAME)";
				SDKROOT = macosx;
				SWIFT_EMIT_LOC_STRINGS = NO;
				SWIFT_VERSION = 5.0;
				TEST_TARGET_NAME = "Restly (macOS)";
			};
			name = Debug;
		};
		23F7724E274579E7006A879B /* Release */ = {
			isa = XCBuildConfiguration;
			buildSettings = {
				ALWAYS_EMBED_SWIFT_STANDARD_LIBRARIES = YES;
				CODE_SIGN_STYLE = Automatic;
				COMBINE_HIDPI_IMAGES = YES;
				CURRENT_PROJECT_VERSION = 1;
				DEVELOPMENT_TEAM = YWLW23LT6G;
				GENERATE_INFOPLIST_FILE = YES;
				LD_RUNPATH_SEARCH_PATHS = (
					"$(inherited)",
					"@executable_path/../Frameworks",
					"@loader_path/../Frameworks",
				);
				MACOSX_DEPLOYMENT_TARGET = 12.0;
				MARKETING_VERSION = 1.0;
				PRODUCT_BUNDLE_IDENTIFIER = "io.brokenhands.Tests-macOS";
				PRODUCT_NAME = "$(TARGET_NAME)";
				SDKROOT = macosx;
				SWIFT_EMIT_LOC_STRINGS = NO;
				SWIFT_VERSION = 5.0;
				TEST_TARGET_NAME = "Restly (macOS)";
			};
			name = Release;
		};
/* End XCBuildConfiguration section */

/* Begin XCConfigurationList section */
		23F77211274579E5006A879B /* Build configuration list for PBXProject "Restly" */ = {
			isa = XCConfigurationList;
			buildConfigurations = (
				23F77241274579E7006A879B /* Debug */,
				23F77242274579E7006A879B /* Release */,
			);
			defaultConfigurationIsVisible = 0;
			defaultConfigurationName = Release;
		};
		23F77243274579E7006A879B /* Build configuration list for PBXNativeTarget "Restly (iOS)" */ = {
			isa = XCConfigurationList;
			buildConfigurations = (
				23F77244274579E7006A879B /* Debug */,
				23F77245274579E7006A879B /* Release */,
			);
			defaultConfigurationIsVisible = 0;
			defaultConfigurationName = Release;
		};
		23F77246274579E7006A879B /* Build configuration list for PBXNativeTarget "Restly (macOS)" */ = {
			isa = XCConfigurationList;
			buildConfigurations = (
				23F77247274579E7006A879B /* Debug */,
				23F77248274579E7006A879B /* Release */,
			);
			defaultConfigurationIsVisible = 0;
			defaultConfigurationName = Release;
		};
		23F77249274579E7006A879B /* Build configuration list for PBXNativeTarget "Tests iOS" */ = {
			isa = XCConfigurationList;
			buildConfigurations = (
				23F7724A274579E7006A879B /* Debug */,
				23F7724B274579E7006A879B /* Release */,
			);
			defaultConfigurationIsVisible = 0;
			defaultConfigurationName = Release;
		};
		23F7724C274579E7006A879B /* Build configuration list for PBXNativeTarget "Tests macOS" */ = {
			isa = XCConfigurationList;
			buildConfigurations = (
				23F7724D274579E7006A879B /* Debug */,
				23F7724E274579E7006A879B /* Release */,
			);
			defaultConfigurationIsVisible = 0;
			defaultConfigurationName = Release;
		};
/* End XCConfigurationList section */
	};
	rootObject = 23F7720E274579E5006A879B /* Project object */;
}
